
Microsoft Visual Studio Solution File, Format Version 12.00
# Visual Studio Version 17
VisualStudioVersion = 17.12.35323.107
MinimumVisualStudioVersion = 10.0.40219.1
Project("{FAE04EC0-301F-11D3-BF4B-00C04F79EFBC}") = "RecettesFamille", "RecettesFamille\RecettesFamille.csproj", "{F94EF257-FD46-482E-BDA7-BD312CB4F7F4}"
EndProject
Project("{E53339B2-1760-4266-BCC7-CA923CBCF16C}") = "docker-compose", "RecettesFamille.Docker\docker-compose.dcproj", "{060D2D6A-478D-482F-B8D3-0230469D013A}"
EndProject
Project("{FAE04EC0-301F-11D3-BF4B-00C04F79EFBC}") = "RecettesFamille.Data", "RecettesFamille.Data\RecettesFamille.Data.csproj", "{CF88F713-2312-4FAE-908B-20EA175DFE00}"
EndProject
Project("{FAE04EC0-301F-11D3-BF4B-00C04F79EFBC}") = "RecettesFamille.Dto", "RecettesFamille.Dto\RecettesFamille.Dto.csproj", "{5B70D113-0101-4796-B98E-0308C8FDF7CE}"
EndProject
Project("{FAE04EC0-301F-11D3-BF4B-00C04F79EFBC}") = "RecettesFamille.Data.Repository", "RecettesFamille.Data.Repository\RecettesFamille.Data.Repository.csproj", "{EC82FB27-55CE-4D15-89E0-ABF959A8DF46}"
EndProject
Project("{FAE04EC0-301F-11D3-BF4B-00C04F79EFBC}") = "RecettesFamille.Ai", "RecettesFamille.Ai\RecettesFamille.Ai.csproj", "{C74CA820-FC8F-40AF-8D02-9C1E54F4CE88}"
EndProject
Global
	GlobalSection(SolutionConfigurationPlatforms) = preSolution
		Debug|Any CPU = Debug|Any CPU
		Release|Any CPU = Release|Any CPU
	EndGlobalSection
	GlobalSection(ProjectConfigurationPlatforms) = postSolution
		{F94EF257-FD46-482E-BDA7-BD312CB4F7F4}.Debug|Any CPU.ActiveCfg = Debug|Any CPU
		{F94EF257-FD46-482E-BDA7-BD312CB4F7F4}.Debug|Any CPU.Build.0 = Debug|Any CPU
		{F94EF257-FD46-482E-BDA7-BD312CB4F7F4}.Release|Any CPU.ActiveCfg = Release|Any CPU
		{F94EF257-FD46-482E-BDA7-BD312CB4F7F4}.Release|Any CPU.Build.0 = Release|Any CPU
		{060D2D6A-478D-482F-B8D3-0230469D013A}.Debug|Any CPU.ActiveCfg = Debug|Any CPU
		{060D2D6A-478D-482F-B8D3-0230469D013A}.Debug|Any CPU.Build.0 = Debug|Any CPU
		{060D2D6A-478D-482F-B8D3-0230469D013A}.Release|Any CPU.ActiveCfg = Release|Any CPU
		{060D2D6A-478D-482F-B8D3-0230469D013A}.Release|Any CPU.Build.0 = Release|Any CPU
		{CF88F713-2312-4FAE-908B-20EA175DFE00}.Debug|Any CPU.ActiveCfg = Debug|Any CPU
		{CF88F713-2312-4FAE-908B-20EA175DFE00}.Debug|Any CPU.Build.0 = Debug|Any CPU
		{CF88F713-2312-4FAE-908B-20EA175DFE00}.Release|Any CPU.ActiveCfg = Release|Any CPU
		{CF88F713-2312-4FAE-908B-20EA175DFE00}.Release|Any CPU.Build.0 = Release|Any CPU
		{5B70D113-0101-4796-B98E-0308C8FDF7CE}.Debug|Any CPU.ActiveCfg = Debug|Any CPU
		{5B70D113-0101-4796-B98E-0308C8FDF7CE}.Debug|Any CPU.Build.0 = Debug|Any CPU
		{5B70D113-0101-4796-B98E-0308C8FDF7CE}.Release|Any CPU.ActiveCfg = Release|Any CPU
		{5B70D113-0101-4796-B98E-0308C8FDF7CE}.Release|Any CPU.Build.0 = Release|Any CPU
		{EC82FB27-55CE-4D15-89E0-ABF959A8DF46}.Debug|Any CPU.ActiveCfg = Debug|Any CPU
		{EC82FB27-55CE-4D15-89E0-ABF959A8DF46}.Debug|Any CPU.Build.0 = Debug|Any CPU
		{EC82FB27-55CE-4D15-89E0-ABF959A8DF46}.Release|Any CPU.ActiveCfg = Release|Any CPU
		{EC82FB27-55CE-4D15-89E0-ABF959A8DF46}.Release|Any CPU.Build.0 = Release|Any CPU
		{C74CA820-FC8F-40AF-8D02-9C1E54F4CE88}.Debug|Any CPU.ActiveCfg = Debug|Any CPU
		{C74CA820-FC8F-40AF-8D02-9C1E54F4CE88}.Debug|Any CPU.Build.0 = Debug|Any CPU
		{C74CA820-FC8F-40AF-8D02-9C1E54F4CE88}.Release|Any CPU.ActiveCfg = Release|Any CPU
		{C74CA820-FC8F-40AF-8D02-9C1E54F4CE88}.Release|Any CPU.Build.0 = Release|Any CPU
	EndGlobalSection
	GlobalSection(SolutionProperties) = preSolution
		HideSolutionNode = FALSE
	EndGlobalSection
	GlobalSection(ExtensibilityGlobals) = postSolution
		SolutionGuid = {EBCE2F61-3C0A-49E8-B773-831543925789}
	EndGlobalSection
EndGlobal
