
Microsoft Visual Studio Solution File, Format Version 12.00
# Visual Studio Version 17
VisualStudioVersion = 17.12.35323.107
MinimumVisualStudioVersion = 10.0.40219.1
Project("{FAE04EC0-301F-11D3-BF4B-00C04F79EFBC}") = "RecettesFamille", "RecettesFamille\RecettesFamille.csproj", "{F94EF257-FD46-482E-BDA7-BD312CB4F7F4}"
EndProject
Project("{E53339B2-1760-4266-BCC7-CA923CBCF16C}") = "docker-compose", "docker-compose.dcproj", "{060D2D6A-478D-482F-B8D3-0230469D013A}"
EndProject
Global
	GlobalSection(SolutionConfigurationPlatforms) = preSolution
		Debug|Any CPU = Debug|Any CPU
		Release|Any CPU = Release|Any CPU
	EndGlobalSection
	GlobalSection(ProjectConfigurationPlatforms) = postSolution
		{F94EF257-FD46-482E-BDA7-BD312CB4F7F4}.Debug|Any CPU.ActiveCfg = Debug|Any CPU
		{F94EF257-FD46-482E-BDA7-BD312CB4F7F4}.Debug|Any CPU.Build.0 = Debug|Any CPU
		{F94EF257-FD46-482E-BDA7-BD312CB4F7F4}.Release|Any CPU.ActiveCfg = Release|Any CPU
		{F94EF257-FD46-482E-BDA7-BD312CB4F7F4}.Release|Any CPU.Build.0 = Release|Any CPU
		{060D2D6A-478D-482F-B8D3-0230469D013A}.Debug|Any CPU.ActiveCfg = Debug|Any CPU
		{060D2D6A-478D-482F-B8D3-0230469D013A}.Debug|Any CPU.Build.0 = Debug|Any CPU
		{060D2D6A-478D-482F-B8D3-0230469D013A}.Release|Any CPU.ActiveCfg = Release|Any CPU
		{060D2D6A-478D-482F-B8D3-0230469D013A}.Release|Any CPU.Build.0 = Release|Any CPU
	EndGlobalSection
	GlobalSection(SolutionProperties) = preSolution
		HideSolutionNode = FALSE
	EndGlobalSection
	GlobalSection(ExtensibilityGlobals) = postSolution
		SolutionGuid = {EBCE2F61-3C0A-49E8-B773-831543925789}
	EndGlobalSection
EndGlobal
